
Microsoft Visual Studio Solution File, Format Version 12.00
# Visual Studio Version 17
VisualStudioVersion = 17.7.34024.191
MinimumVisualStudioVersion = 10.0.40219.1
Project("{9A19103F-16F7-4668-BE54-9A1E7A4F7556}") = "PixelFactory", "PixelFactory\PixelFactory.csproj", "{40813761-6FF4-4D45-B25F-4D5A6308C07A}"
EndProject
Global
	GlobalSection(SolutionConfigurationPlatforms) = preSolution
		Debug|Any CPU = Debug|Any CPU
		Release|Any CPU = Release|Any CPU
	EndGlobalSection
	GlobalSection(ProjectConfigurationPlatforms) = postSolution
		{40813761-6FF4-4D45-B25F-4D5A6308C07A}.Debug|Any CPU.ActiveCfg = Debug|Any CPU
		{40813761-6FF4-4D45-B25F-4D5A6308C07A}.Debug|Any CPU.Build.0 = Debug|Any CPU
		{40813761-6FF4-4D45-B25F-4D5A6308C07A}.Release|Any CPU.ActiveCfg = Release|Any CPU
		{40813761-6FF4-4D45-B25F-4D5A6308C07A}.Release|Any CPU.Build.0 = Release|Any CPU
	EndGlobalSection
	GlobalSection(SolutionProperties) = preSolution
		HideSolutionNode = FALSE
	EndGlobalSection
	GlobalSection(ExtensibilityGlobals) = postSolution
		SolutionGuid = {92D9F78B-4D69-46D7-96B6-347C5B2C6347}
	EndGlobalSection
EndGlobal
